{
  "name": "sal-benchmarks",
  "version": "0.0.1",
  "lockfileVersion": 3,
  "requires": true,
  "packages": {
    "": {
      "name": "sal-benchmarks",
      "version": "0.0.1",
      "dependencies": {
        "@automerge/automerge": "^3.3.2",
        "list-positions": "^2.0.0",
        "loro-crdt": "^1.13.7",
        "yjs": "^13.6.31"
      }
    },
    "node_modules/@automerge/automerge": {
      "version": "3.3.2",
      "resolved": "https://registry.npmjs.org/@automerge/automerge/-/automerge-3.3.2.tgz",
      "integrity": "sha512-9vCdCL7pdQwUra66SBxPVHr+/t9epXKni9KDeak2rNBFMzABVh2u6gSpcwxi3jkR5qr047jVqZv9DlrOfVxLFw==",
      "license": "MIT"
    },
    "node_modules/isomorphic.js": {
      "version": "0.2.5",
      "resolved": "https://registry.npmjs.org/isomorphic.js/-/isomorphic.js-0.2.5.tgz",
      "integrity": "sha512-PIeMbHqMt4DnUP3MA/Flc0HElYjMXArsw1qwJZcm9sqR8mq3l8NYizFMty0pWwE/tzIGH3EKK5+jes5mAr85yw==",
      "license": "MIT",
      "funding": {
        "type": "GitHub Sponsors ❤",
        "url": "https://github.com/sponsors/dmonad"
      }
    },
    "node_modules/lex-sequence": {
      "version": "2.0.0",
      "resolved": "https://registry.npmjs.org/lex-sequence/-/lex-sequence-2.0.0.tgz",
      "integrity": "sha512-tKDpkkSZpkRJfqHgnPTTSAGohply3MdT8B31aYeMsrWMVFhN1k3+fGVa5GmLgxQMKsjPNN/3W/m9R3ewAGlNew==",
      "license": "MIT"
    },
    "node_modules/lib0": {
      "version": "0.2.117",
      "resolved": "https://registry.npmjs.org/lib0/-/lib0-0.2.117.tgz",
      "integrity": "sha512-DeXj9X5xDCjgKLU/7RR+/HQEVzuuEUiwldwOGsHK/sfAfELGWEyTcf0x+uOvCvK3O2zPmZePXWL85vtia6GyZw==",
      "license": "MIT",
      "dependencies": {
        "isomorphic.js": "^0.2.4"
      },
      "bin": {
        "0ecdsa-generate-keypair": "bin/0ecdsa-generate-keypair.js",
        "0gentesthtml": "bin/gentesthtml.js",
        "0serve": "bin/0serve.js"
      },
      "engines": {
        "node": ">=16"
      },
      "funding": {
        "type": "GitHub Sponsors ❤",
        "url": "https://github.com/sponsors/dmonad"
      }
    },
    "node_modules/list-positions": {
      "version": "2.0.0",
      "resolved": "https://registry.npmjs.org/list-positions/-/list-positions-2.0.0.tgz",
      "integrity": "sha512-E+1JStxhjhzSR6bSiF+uwtPimmVk0Jj7gvyG5BlCGymHi3UHnnYXhxo9r078WrP1vsR1R7ZHUBYU7LMA+Js/uw==",
      "license": "MIT",
      "dependencies": {
        "lex-sequence": "^2.0.0",
        "maybe-random-string": "^1.0.0",
        "sparse-array-rled": "^2.0.1"
      }
    },
    "node_modules/loro-crdt": {
      "version": "1.13.7",
      "resolved": "https://registry.npmjs.org/loro-crdt/-/loro-crdt-1.13.7.tgz",
      "integrity": "sha512-tOvBUBSVseebXx8L5TMEdVYwgTOVZMMUtA9tQAs2vpPNRx/hClsLGhjmo9D3J4LopCVrQ6cuj3ZdBeyxQheWAg==",
      "license": "MIT"
    },
    "node_modules/maybe-random-string": {
      "version": "1.0.0",
      "resolved": "https://registry.npmjs.org/maybe-random-string/-/maybe-random-string-1.0.0.tgz",
      "integrity": "sha512-uw0W5Qo7PJYjSNQCh304yhd6lhKcsPVBCOuSInd20PLX29mRJNtOSA6BpqjFFBE6cZpS1+gZmhsEn03SYlzxqA==",
      "license": "MIT"
    },
    "node_modules/sparse-array-rled": {
      "version": "2.0.1",
      "resolved": "https://registry.npmjs.org/sparse-array-rled/-/sparse-array-rled-2.0.1.tgz",
      "integrity": "sha512-kfJ0KmfahwO4s+dClWfT3HoWou2fNJy+1xOPY9kNr91lum9FYq5Pza7Y1qDx/gmdSsQ3tl5CnFlIP4jnO6xgZQ==",
      "license": "MIT"
    },
    "node_modules/yjs": {
      "version": "13.6.31",
      "resolved": "https://registry.npmjs.org/yjs/-/yjs-13.6.31.tgz",
      "integrity": "sha512-Eq+5BRfbeGyqGVrTJL3bEcr8gKkxPuyuoHmAwpk52fDb8kOVMrfVSTRPd6yiGgX5Fskb96qCRjzjbRjrL4YEnw==",
      "license": "MIT",
      "dependencies": {
        "lib0": "^0.2.99"
      },
      "engines": {
        "node": ">=16.0.0",
        "npm": ">=8.0.0"
      },
      "funding": {
        "type": "GitHub Sponsors ❤",
        "url": "https://github.com/sponsors/dmonad"
      }
    }
  }
}
